
Microsoft Visual Studio Solution File, Format Version 12.00
# Visual Studio Version 17
VisualStudioVersion = 17.5.33516.290
MinimumVisualStudioVersion = 10.0.40219.1
Project("{9A19103F-16F7-4668-BE54-9A1E7A4F7556}") = "Calculator", "Calculator\Calculator.csproj", "{D3B9E154-FEC9-4632-8CB2-4C1C7BB78214}"
EndProject
Project("{FAE04EC0-301F-11D3-BF4B-00C04F79EFBC}") = "CalculatorLibrary", "CalculatorLibrary\CalculatorLibrary.csproj", "{2516FF9E-FB4D-4A5C-96E7-188DC5FF5D66}"
EndProject
Global
	GlobalSection(SolutionConfigurationPlatforms) = preSolution
		Debug|Any CPU = Debug|Any CPU
		Release|Any CPU = Release|Any CPU
	EndGlobalSection
	GlobalSection(ProjectConfigurationPlatforms) = postSolution
		{D3B9E154-FEC9-4632-8CB2-4C1C7BB78214}.Debug|Any CPU.ActiveCfg = Debug|Any CPU
		{D3B9E154-FEC9-4632-8CB2-4C1C7BB78214}.Debug|Any CPU.Build.0 = Debug|Any CPU
		{D3B9E154-FEC9-4632-8CB2-4C1C7BB78214}.Release|Any CPU.ActiveCfg = Release|Any CPU
		{D3B9E154-FEC9-4632-8CB2-4C1C7BB78214}.Release|Any CPU.Build.0 = Release|Any CPU
		{2516FF9E-FB4D-4A5C-96E7-188DC5FF5D66}.Debug|Any CPU.ActiveCfg = Debug|Any CPU
		{2516FF9E-FB4D-4A5C-96E7-188DC5FF5D66}.Debug|Any CPU.Build.0 = Debug|Any CPU
		{2516FF9E-FB4D-4A5C-96E7-188DC5FF5D66}.Release|Any CPU.ActiveCfg = Release|Any CPU
		{2516FF9E-FB4D-4A5C-96E7-188DC5FF5D66}.Release|Any CPU.Build.0 = Release|Any CPU
	EndGlobalSection
	GlobalSection(SolutionProperties) = preSolution
		HideSolutionNode = FALSE
	EndGlobalSection
	GlobalSection(ExtensibilityGlobals) = postSolution
		SolutionGuid = {39FA72A1-D101-4D15-9190-89D22A5C2C3A}
	EndGlobalSection
EndGlobal
